
Microsoft Visual Studio Solution File, Format Version 12.00
# Visual Studio Version 17
VisualStudioVersion = 17.8.34309.116
MinimumVisualStudioVersion = 10.0.40219.1
Project("{FAE04EC0-301F-11D3-BF4B-00C04F79EFBC}") = "PassDataViewtoController", "PassDataViewtoController\PassDataViewtoController.csproj", "{2BC4652C-4F37-4C90-8738-15419DD57927}"
EndProject
Global
	GlobalSection(SolutionConfigurationPlatforms) = preSolution
		Debug|Any CPU = Debug|Any CPU
		Release|Any CPU = Release|Any CPU
	EndGlobalSection
	GlobalSection(ProjectConfigurationPlatforms) = postSolution
		{2BC4652C-4F37-4C90-8738-15419DD57927}.Debug|Any CPU.ActiveCfg = Debug|Any CPU
		{2BC4652C-4F37-4C90-8738-15419DD57927}.Debug|Any CPU.Build.0 = Debug|Any CPU
		{2BC4652C-4F37-4C90-8738-15419DD57927}.Release|Any CPU.ActiveCfg = Release|Any CPU
		{2BC4652C-4F37-4C90-8738-15419DD57927}.Release|Any CPU.Build.0 = Release|Any CPU
	EndGlobalSection
	GlobalSection(SolutionProperties) = preSolution
		HideSolutionNode = FALSE
	EndGlobalSection
	GlobalSection(ExtensibilityGlobals) = postSolution
		SolutionGuid = {B629E3BB-05B5-4A39-ADD2-B607B103E496}
	EndGlobalSection
EndGlobal
